
Microsoft Visual Studio Solution File, Format Version 12.00
# Visual Studio Version 17
VisualStudioVersion = 17.0.32002.185
MinimumVisualStudioVersion = 10.0.40219.1
Project("{FAE04EC0-301F-11D3-BF4B-00C04F79EFBC}") = "MouseMacro", "MouseMacro\MouseMacro.csproj", "{EEC3BB2D-6E4C-4BE5-821D-9F1C7575FF91}"
EndProject
Global
	GlobalSection(SolutionConfigurationPlatforms) = preSolution
		Debug|Any CPU = Debug|Any CPU
		Release|Any CPU = Release|Any CPU
	EndGlobalSection
	GlobalSection(ProjectConfigurationPlatforms) = postSolution
		{EEC3BB2D-6E4C-4BE5-821D-9F1C7575FF91}.Debug|Any CPU.ActiveCfg = Debug|Any CPU
		{EEC3BB2D-6E4C-4BE5-821D-9F1C7575FF91}.Debug|Any CPU.Build.0 = Debug|Any CPU
		{EEC3BB2D-6E4C-4BE5-821D-9F1C7575FF91}.Release|Any CPU.ActiveCfg = Release|Any CPU
		{EEC3BB2D-6E4C-4BE5-821D-9F1C7575FF91}.Release|Any CPU.Build.0 = Release|Any CPU
	EndGlobalSection
	GlobalSection(SolutionProperties) = preSolution
		HideSolutionNode = FALSE
	EndGlobalSection
	GlobalSection(ExtensibilityGlobals) = postSolution
		SolutionGuid = {49D907E6-56EB-454C-ACE7-C3B5AF1FFBAA}
	EndGlobalSection
EndGlobal
